Microsoft Visual Studio Solution File, Format Version 12.00
# Visual Studio Version 17
VisualStudioVersion = 17.5.2.0
MinimumVisualStudioVersion = 10.0.40219.1
Project("{2150E333-8FDC-42A3-9474-1A3956D46DE8}") = "src", "src", "{827E0CD3-B72D-47B6-A68D-7590B98EB39B}"
EndProject
Project("{2150E333-8FDC-42A3-9474-1A3956D46DE8}") = "test", "test", "{0C88DD14-F956-CE84-757C-A364CCF449FC}"
EndProject
Project("{FAE04EC0-301F-11D3-BF4B-00C04F79EFBC}") = "lambda-func-cs", "src\lambda-func-cs\lambda-func-cs.csproj", "{0D0B55C2-7203-2119-C927-37464710F190}"
EndProject
Project("{FAE04EC0-301F-11D3-BF4B-00C04F79EFBC}") = "lambda-func-cs.Tests", "test\lambda-func-cs.Tests\lambda-func-cs.Tests.csproj", "{1911576A-D901-0F28-E976-6ED01B5B351B}"
EndProject
Global
	GlobalSection(SolutionConfigurationPlatforms) = preSolution
		Debug|Any CPU = Debug|Any CPU
		Release|Any CPU = Release|Any CPU
	EndGlobalSection
	GlobalSection(ProjectConfigurationPlatforms) = postSolution
		{0D0B55C2-7203-2119-C927-37464710F190}.Debug|Any CPU.ActiveCfg = Debug|Any CPU
		{0D0B55C2-7203-2119-C927-37464710F190}.Debug|Any CPU.Build.0 = Debug|Any CPU
		{0D0B55C2-7203-2119-C927-37464710F190}.Release|Any CPU.ActiveCfg = Release|Any CPU
		{0D0B55C2-7203-2119-C927-37464710F190}.Release|Any CPU.Build.0 = Release|Any CPU
		{1911576A-D901-0F28-E976-6ED01B5B351B}.Debug|Any CPU.ActiveCfg = Debug|Any CPU
		{1911576A-D901-0F28-E976-6ED01B5B351B}.Debug|Any CPU.Build.0 = Debug|Any CPU
		{1911576A-D901-0F28-E976-6ED01B5B351B}.Release|Any CPU.ActiveCfg = Release|Any CPU
		{1911576A-D901-0F28-E976-6ED01B5B351B}.Release|Any CPU.Build.0 = Release|Any CPU
	EndGlobalSection
	GlobalSection(SolutionProperties) = preSolution
		HideSolutionNode = FALSE
	EndGlobalSection
	GlobalSection(NestedProjects) = preSolution
		{0D0B55C2-7203-2119-C927-37464710F190} = {827E0CD3-B72D-47B6-A68D-7590B98EB39B}
		{1911576A-D901-0F28-E976-6ED01B5B351B} = {0C88DD14-F956-CE84-757C-A364CCF449FC}
	EndGlobalSection
	GlobalSection(ExtensibilityGlobals) = postSolution
		SolutionGuid = {E20BBC05-F933-45E6-9EA9-62D371D5C77B}
	EndGlobalSection
EndGlobal
